{
  "requires": true,
  "lockfileVersion": 1,
  "dependencies": {
    "monet": {
      "version": "0.8.10",
      "resolved": "https://registry.npmjs.org/monet/-/monet-0.8.10.tgz",
      "integrity": "sha1-r4KvUFkUZveLr5fAU+L/5ekQgiQ="
    },
    "typescript": {
      "version": "2.6.1",
      "resolved": "https://registry.npmjs.org/typescript/-/typescript-2.6.1.tgz",
      "integrity": "sha1-7znN6ierrAtQAkLWcmq5DgyEZjE="
    }
  }
}
